
Microsoft Visual Studio Solution File, Format Version 12.00
# Visual Studio Version 17
VisualStudioVersion = 17.3.32825.248
MinimumVisualStudioVersion = 10.0.40219.1
Project("{9A19103F-16F7-4668-BE54-9A1E7A4F7556}") = "BookExercise", "BookExercise\BookExercise.csproj", "{42E96FF8-A71F-47D0-94FD-48885C4DCACC}"
EndProject
Project("{9A19103F-16F7-4668-BE54-9A1E7A4F7556}") = "CarExcercise", "CarExcercise\CarExcercise.csproj", "{76B41FC6-4D99-48D9-9EEB-8AA20B4AED07}"
EndProject
Project("{9A19103F-16F7-4668-BE54-9A1E7A4F7556}") = "CompanyExercise", "CompanyExercise\CompanyExercise.csproj", "{A51C43A7-B311-427E-B79B-F1B8091F2FC1}"
EndProject
Project("{9A19103F-16F7-4668-BE54-9A1E7A4F7556}") = "EmployeeExercise", "EmployeeExercise\EmployeeExercise.csproj", "{8ABB5E52-7F58-42BF-9A44-8B5BBDAC6F2F}"
EndProject
Project("{9A19103F-16F7-4668-BE54-9A1E7A4F7556}") = "BookExercise2", "BookExercise2\BookExercise2.csproj", "{87A333A0-F515-433E-83EF-5861F6277339}"
EndProject
Project("{9A19103F-16F7-4668-BE54-9A1E7A4F7556}") = "VehicleExercise", "VehicleExercise\VehicleExercise.csproj", "{FE713088-24DC-4E52-BE32-43583584C30F}"
EndProject
Project("{9A19103F-16F7-4668-BE54-9A1E7A4F7556}") = "InterfaceExercise", "InterfaceExercise\InterfaceExercise.csproj", "{4BB74E1A-2503-41C9-B06A-D0BA80330E2B}"
EndProject
Project("{FAE04EC0-301F-11D3-BF4B-00C04F79EFBC}") = "SortExercise", "SortExercise\SortExercise.csproj", "{164828CC-1478-434C-8DF4-82FE6FE40B2D}"
EndProject
Project("{FAE04EC0-301F-11D3-BF4B-00C04F79EFBC}") = "ShapesExercise", "ShapesExercise\ShapesExercise.csproj", "{3FE8E8C4-0359-41F1-BDA0-E6A22E5184FC}"
EndProject
Global
	GlobalSection(SolutionConfigurationPlatforms) = preSolution
		Debug|Any CPU = Debug|Any CPU
		Release|Any CPU = Release|Any CPU
	EndGlobalSection
	GlobalSection(ProjectConfigurationPlatforms) = postSolution
		{42E96FF8-A71F-47D0-94FD-48885C4DCACC}.Debug|Any CPU.ActiveCfg = Debug|Any CPU
		{42E96FF8-A71F-47D0-94FD-48885C4DCACC}.Debug|Any CPU.Build.0 = Debug|Any CPU
		{42E96FF8-A71F-47D0-94FD-48885C4DCACC}.Release|Any CPU.ActiveCfg = Release|Any CPU
		{42E96FF8-A71F-47D0-94FD-48885C4DCACC}.Release|Any CPU.Build.0 = Release|Any CPU
		{76B41FC6-4D99-48D9-9EEB-8AA20B4AED07}.Debug|Any CPU.ActiveCfg = Debug|Any CPU
		{76B41FC6-4D99-48D9-9EEB-8AA20B4AED07}.Debug|Any CPU.Build.0 = Debug|Any CPU
		{76B41FC6-4D99-48D9-9EEB-8AA20B4AED07}.Release|Any CPU.ActiveCfg = Release|Any CPU
		{76B41FC6-4D99-48D9-9EEB-8AA20B4AED07}.Release|Any CPU.Build.0 = Release|Any CPU
		{A51C43A7-B311-427E-B79B-F1B8091F2FC1}.Debug|Any CPU.ActiveCfg = Debug|Any CPU
		{A51C43A7-B311-427E-B79B-F1B8091F2FC1}.Debug|Any CPU.Build.0 = Debug|Any CPU
		{A51C43A7-B311-427E-B79B-F1B8091F2FC1}.Release|Any CPU.ActiveCfg = Release|Any CPU
		{A51C43A7-B311-427E-B79B-F1B8091F2FC1}.Release|Any CPU.Build.0 = Release|Any CPU
		{8ABB5E52-7F58-42BF-9A44-8B5BBDAC6F2F}.Debug|Any CPU.ActiveCfg = Debug|Any CPU
		{8ABB5E52-7F58-42BF-9A44-8B5BBDAC6F2F}.Debug|Any CPU.Build.0 = Debug|Any CPU
		{8ABB5E52-7F58-42BF-9A44-8B5BBDAC6F2F}.Release|Any CPU.ActiveCfg = Release|Any CPU
		{8ABB5E52-7F58-42BF-9A44-8B5BBDAC6F2F}.Release|Any CPU.Build.0 = Release|Any CPU
		{87A333A0-F515-433E-83EF-5861F6277339}.Debug|Any CPU.ActiveCfg = Debug|Any CPU
		{87A333A0-F515-433E-83EF-5861F6277339}.Debug|Any CPU.Build.0 = Debug|Any CPU
		{87A333A0-F515-433E-83EF-5861F6277339}.Release|Any CPU.ActiveCfg = Release|Any CPU
		{87A333A0-F515-433E-83EF-5861F6277339}.Release|Any CPU.Build.0 = Release|Any CPU
		{FE713088-24DC-4E52-BE32-43583584C30F}.Debug|Any CPU.ActiveCfg = Debug|Any CPU
		{FE713088-24DC-4E52-BE32-43583584C30F}.Debug|Any CPU.Build.0 = Debug|Any CPU
		{FE713088-24DC-4E52-BE32-43583584C30F}.Release|Any CPU.ActiveCfg = Release|Any CPU
		{FE713088-24DC-4E52-BE32-43583584C30F}.Release|Any CPU.Build.0 = Release|Any CPU
		{4BB74E1A-2503-41C9-B06A-D0BA80330E2B}.Debug|Any CPU.ActiveCfg = Debug|Any CPU
		{4BB74E1A-2503-41C9-B06A-D0BA80330E2B}.Debug|Any CPU.Build.0 = Debug|Any CPU
		{4BB74E1A-2503-41C9-B06A-D0BA80330E2B}.Release|Any CPU.ActiveCfg = Release|Any CPU
		{4BB74E1A-2503-41C9-B06A-D0BA80330E2B}.Release|Any CPU.Build.0 = Release|Any CPU
		{164828CC-1478-434C-8DF4-82FE6FE40B2D}.Debug|Any CPU.ActiveCfg = Debug|Any CPU
		{164828CC-1478-434C-8DF4-82FE6FE40B2D}.Debug|Any CPU.Build.0 = Debug|Any CPU
		{164828CC-1478-434C-8DF4-82FE6FE40B2D}.Release|Any CPU.ActiveCfg = Release|Any CPU
		{164828CC-1478-434C-8DF4-82FE6FE40B2D}.Release|Any CPU.Build.0 = Release|Any CPU
		{3FE8E8C4-0359-41F1-BDA0-E6A22E5184FC}.Debug|Any CPU.ActiveCfg = Debug|Any CPU
		{3FE8E8C4-0359-41F1-BDA0-E6A22E5184FC}.Debug|Any CPU.Build.0 = Debug|Any CPU
		{3FE8E8C4-0359-41F1-BDA0-E6A22E5184FC}.Release|Any CPU.ActiveCfg = Release|Any CPU
		{3FE8E8C4-0359-41F1-BDA0-E6A22E5184FC}.Release|Any CPU.Build.0 = Release|Any CPU
	EndGlobalSection
	GlobalSection(SolutionProperties) = preSolution
		HideSolutionNode = FALSE
	EndGlobalSection
	GlobalSection(ExtensibilityGlobals) = postSolution
		SolutionGuid = {C9250233-823B-4D37-B9BA-490C3ED2290C}
	EndGlobalSection
EndGlobal
