
Microsoft Visual Studio Solution File, Format Version 12.00
# Visual Studio Version 17
VisualStudioVersion = 17.3.32825.248
MinimumVisualStudioVersion = 10.0.40219.1
Project("{FAE04EC0-301F-11D3-BF4B-00C04F79EFBC}") = "BookExercise", "BookExercise\BookExercise.csproj", "{42E96FF8-A71F-47D0-94FD-48885C4DCACC}"
EndProject
Global
	GlobalSection(SolutionConfigurationPlatforms) = preSolution
		Debug|Any CPU = Debug|Any CPU
		Release|Any CPU = Release|Any CPU
	EndGlobalSection
	GlobalSection(ProjectConfigurationPlatforms) = postSolution
		{42E96FF8-A71F-47D0-94FD-48885C4DCACC}.Debug|Any CPU.ActiveCfg = Debug|Any CPU
		{42E96FF8-A71F-47D0-94FD-48885C4DCACC}.Debug|Any CPU.Build.0 = Debug|Any CPU
		{42E96FF8-A71F-47D0-94FD-48885C4DCACC}.Release|Any CPU.ActiveCfg = Release|Any CPU
		{42E96FF8-A71F-47D0-94FD-48885C4DCACC}.Release|Any CPU.Build.0 = Release|Any CPU
	EndGlobalSection
	GlobalSection(SolutionProperties) = preSolution
		HideSolutionNode = FALSE
	EndGlobalSection
	GlobalSection(ExtensibilityGlobals) = postSolution
		SolutionGuid = {C9250233-823B-4D37-B9BA-490C3ED2290C}
	EndGlobalSection
EndGlobal
