
Microsoft Visual Studio Solution File, Format Version 12.00
# Visual Studio Version 17
VisualStudioVersion = 17.3.32825.248
MinimumVisualStudioVersion = 10.0.40219.1
Project("{FAE04EC0-301F-11D3-BF4B-00C04F79EFBC}") = "BookExercise", "BookExercise\BookExercise.csproj", "{42E96FF8-A71F-47D0-94FD-48885C4DCACC}"
EndProject
Project("{FAE04EC0-301F-11D3-BF4B-00C04F79EFBC}") = "CarExcercise", "CarExcercise\CarExcercise.csproj", "{76B41FC6-4D99-48D9-9EEB-8AA20B4AED07}"
EndProject
Project("{FAE04EC0-301F-11D3-BF4B-00C04F79EFBC}") = "CompanyExercise", "CompanyExercise\CompanyExercise.csproj", "{A51C43A7-B311-427E-B79B-F1B8091F2FC1}"
EndProject
Global
	GlobalSection(SolutionConfigurationPlatforms) = preSolution
		Debug|Any CPU = Debug|Any CPU
		Release|Any CPU = Release|Any CPU
	EndGlobalSection
	GlobalSection(ProjectConfigurationPlatforms) = postSolution
		{42E96FF8-A71F-47D0-94FD-48885C4DCACC}.Debug|Any CPU.ActiveCfg = Debug|Any CPU
		{42E96FF8-A71F-47D0-94FD-48885C4DCACC}.Debug|Any CPU.Build.0 = Debug|Any CPU
		{42E96FF8-A71F-47D0-94FD-48885C4DCACC}.Release|Any CPU.ActiveCfg = Release|Any CPU
		{42E96FF8-A71F-47D0-94FD-48885C4DCACC}.Release|Any CPU.Build.0 = Release|Any CPU
		{76B41FC6-4D99-48D9-9EEB-8AA20B4AED07}.Debug|Any CPU.ActiveCfg = Debug|Any CPU
		{76B41FC6-4D99-48D9-9EEB-8AA20B4AED07}.Debug|Any CPU.Build.0 = Debug|Any CPU
		{76B41FC6-4D99-48D9-9EEB-8AA20B4AED07}.Release|Any CPU.ActiveCfg = Release|Any CPU
		{76B41FC6-4D99-48D9-9EEB-8AA20B4AED07}.Release|Any CPU.Build.0 = Release|Any CPU
		{A51C43A7-B311-427E-B79B-F1B8091F2FC1}.Debug|Any CPU.ActiveCfg = Debug|Any CPU
		{A51C43A7-B311-427E-B79B-F1B8091F2FC1}.Debug|Any CPU.Build.0 = Debug|Any CPU
		{A51C43A7-B311-427E-B79B-F1B8091F2FC1}.Release|Any CPU.ActiveCfg = Release|Any CPU
		{A51C43A7-B311-427E-B79B-F1B8091F2FC1}.Release|Any CPU.Build.0 = Release|Any CPU
	EndGlobalSection
	GlobalSection(SolutionProperties) = preSolution
		HideSolutionNode = FALSE
	EndGlobalSection
	GlobalSection(ExtensibilityGlobals) = postSolution
		SolutionGuid = {C9250233-823B-4D37-B9BA-490C3ED2290C}
	EndGlobalSection
EndGlobal
